// !$*UTF8*$!
{
	archiveVersion = 1;
	classes = {
	};
	objectVersion = 46;
	objects = {

/* Begin PBXBuildFile section */
		A27DD560F93D3EE956CE6F55 /* Pods_CodeCrackerSolver.framework in Frameworks */ = {isa = PBXBuildFile; fileRef = 8083C479A25418AE3240F095 /* Pods_CodeCrackerSolver.framework */; };
		E510BE141CC2EA07007820CC /* CodeCrackerSolverTests.swift in Sources */ = {isa = PBXBuildFile; fileRef = E510BE131CC2EA07007820CC /* CodeCrackerSolverTests.swift */; };
		E510BE221CC2EA28007820CC /* CodeCrackerSolverUITests.swift in Sources */ = {isa = PBXBuildFile; fileRef = E510BE211CC2EA28007820CC /* CodeCrackerSolverUITests.swift */; };
		E5B419C11CB9E853000EB677 /* AppDelegate.swift in Sources */ = {isa = PBXBuildFile; fileRef = E5B419C01CB9E853000EB677 /* AppDelegate.swift */; };
		E5B419C61CB9E853000EB677 /* Main.storyboard in Resources */ = {isa = PBXBuildFile; fileRef = E5B419C41CB9E853000EB677 /* Main.storyboard */; };
		E5B419C81CB9E853000EB677 /* Assets.xcassets in Resources */ = {isa = PBXBuildFile; fileRef = E5B419C71CB9E853000EB677 /* Assets.xcassets */; };
		E5B419CB1CB9E853000EB677 /* LaunchScreen.storyboard in Resources */ = {isa = PBXBuildFile; fileRef = E5B419C91CB9E853000EB677 /* LaunchScreen.storyboard */; };
		E5B894161CBB9097005970E4 /* SearchViewController.swift in Sources */ = {isa = PBXBuildFile; fileRef = E5B894151CBB9097005970E4 /* SearchViewController.swift */; };
		E5B894181CBB90A6005970E4 /* ResultsTableViewController.swift in Sources */ = {isa = PBXBuildFile; fileRef = E5B894171CBB90A6005970E4 /* ResultsTableViewController.swift */; };
		E5B8941A1CBB91EB005970E4 /* SearchViewController+UITextFieldDelegate.swift in Sources */ = {isa = PBXBuildFile; fileRef = E5B894191CBB91EB005970E4 /* SearchViewController+UITextFieldDelegate.swift */; };
		E5B8941C1CBB95B0005970E4 /* ResultsTableViewController+UITableViewDataSource.swift in Sources */ = {isa = PBXBuildFile; fileRef = E5B8941B1CBB95B0005970E4 /* ResultsTableViewController+UITableViewDataSource.swift */; };
/* End PBXBuildFile section */

/* Begin PBXContainerItemProxy section */
		E510BE161CC2EA07007820CC /* PBXContainerItemProxy */ = {
			isa = PBXContainerItemProxy;
			containerPortal = E5B419B51CB9E853000EB677 /* Project object */;
			proxyType = 1;
			remoteGlobalIDString = E5B419BC1CB9E853000EB677;
			remoteInfo = CodeCrackerSolver;
		};
		E510BE241CC2EA28007820CC /* PBXContainerItemProxy */ = {
			isa = PBXContainerItemProxy;
			containerPortal = E5B419B51CB9E853000EB677 /* Project object */;
			proxyType = 1;
			remoteGlobalIDString = E5B419BC1CB9E853000EB677;
			remoteInfo = CodeCrackerSolver;
		};
/* End PBXContainerItemProxy section */

/* Begin PBXFileReference section */
		1B0937AA30648B137AD8DE08 /* Pods-CodeCrackerSolver.debug.xcconfig */ = {isa = PBXFileReference; includeInIndex = 1; lastKnownFileType = text.xcconfig; name = "Pods-CodeCrackerSolver.debug.xcconfig"; path = "Pods/Target Support Files/Pods-CodeCrackerSolver/Pods-CodeCrackerSolver.debug.xcconfig"; sourceTree = "<group>"; };
		49051093100FD8C9AD4EB2D0 /* Pods-CodeCrackerSolver.release.xcconfig */ = {isa = PBXFileReference; includeInIndex = 1; lastKnownFileType = text.xcconfig; name = "Pods-CodeCrackerSolver.release.xcconfig"; path = "Pods/Target Support Files/Pods-CodeCrackerSolver/Pods-CodeCrackerSolver.release.xcconfig"; sourceTree = "<group>"; };
		8083C479A25418AE3240F095 /* Pods_CodeCrackerSolver.framework */ = {isa = PBXFileReference; explicitFileType = wrapper.framework; includeInIndex = 0; path = Pods_CodeCrackerSolver.framework; sourceTree = BUILT_PRODUCTS_DIR; };
		E510BE111CC2EA07007820CC /* CodeCrackerSolverTests.xctest */ = {isa = PBXFileReference; explicitFileType = wrapper.cfbundle; includeInIndex = 0; path = CodeCrackerSolverTests.xctest; sourceTree = BUILT_PRODUCTS_DIR; };
		E510BE131CC2EA07007820CC /* CodeCrackerSolverTests.swift */ = {isa = PBXFileReference; lastKnownFileType = sourcecode.swift; path = CodeCrackerSolverTests.swift; sourceTree = "<group>"; };
		E510BE151CC2EA07007820CC /* Info.plist */ = {isa = PBXFileReference; lastKnownFileType = text.plist.xml; path = Info.plist; sourceTree = "<group>"; };
		E510BE1F1CC2EA28007820CC /* CodeCrackerSolverUITests.xctest */ = {isa = PBXFileReference; explicitFileType = wrapper.cfbundle; includeInIndex = 0; path = CodeCrackerSolverUITests.xctest; sourceTree = BUILT_PRODUCTS_DIR; };
		E510BE211CC2EA28007820CC /* CodeCrackerSolverUITests.swift */ = {isa = PBXFileReference; lastKnownFileType = sourcecode.swift; path = CodeCrackerSolverUITests.swift; sourceTree = "<group>"; };
		E510BE231CC2EA28007820CC /* Info.plist */ = {isa = PBXFileReference; lastKnownFileType = text.plist.xml; path = Info.plist; sourceTree = "<group>"; };
		E5B419BD1CB9E853000EB677 /* CodeCrackerSolver.app */ = {isa = PBXFileReference; explicitFileType = wrapper.application; includeInIndex = 0; path = CodeCrackerSolver.app; sourceTree = BUILT_PRODUCTS_DIR; };
		E5B419C01CB9E853000EB677 /* AppDelegate.swift */ = {isa = PBXFileReference; lastKnownFileType = sourcecode.swift; path = AppDelegate.swift; sourceTree = "<group>"; };
		E5B419C51CB9E853000EB677 /* Base */ = {isa = PBXFileReference; lastKnownFileType = file.storyboard; name = Base; path = Base.lproj/Main.storyboard; sourceTree = "<group>"; };
		E5B419C71CB9E853000EB677 /* Assets.xcassets */ = {isa = PBXFileReference; lastKnownFileType = folder.assetcatalog; path = Assets.xcassets; sourceTree = "<group>"; };
		E5B419CA1CB9E853000EB677 /* Base */ = {isa = PBXFileReference; lastKnownFileType = file.storyboard; name = Base; path = Base.lproj/LaunchScreen.storyboard; sourceTree = "<group>"; };
		E5B419CC1CB9E853000EB677 /* Info.plist */ = {isa = PBXFileReference; lastKnownFileType = text.plist.xml; path = Info.plist; sourceTree = "<group>"; };
		E5B894151CBB9097005970E4 /* SearchViewController.swift */ = {isa = PBXFileReference; fileEncoding = 4; lastKnownFileType = sourcecode.swift; path = SearchViewController.swift; sourceTree = "<group>"; };
		E5B894171CBB90A6005970E4 /* ResultsTableViewController.swift */ = {isa = PBXFileReference; fileEncoding = 4; lastKnownFileType = sourcecode.swift; path = ResultsTableViewController.swift; sourceTree = "<group>"; };
		E5B894191CBB91EB005970E4 /* SearchViewController+UITextFieldDelegate.swift */ = {isa = PBXFileReference; fileEncoding = 4; lastKnownFileType = sourcecode.swift; path = "SearchViewController+UITextFieldDelegate.swift"; sourceTree = "<group>"; };
		E5B8941B1CBB95B0005970E4 /* ResultsTableViewController+UITableViewDataSource.swift */ = {isa = PBXFileReference; fileEncoding = 4; lastKnownFileType = sourcecode.swift; path = "ResultsTableViewController+UITableViewDataSource.swift"; sourceTree = "<group>"; };
/* End PBXFileReference section */

/* Begin PBXFrameworksBuildPhase section */
		E510BE0E1CC2EA07007820CC /* Frameworks */ = {
			isa = PBXFrameworksBuildPhase;
			buildActionMask = 2147483647;
			files = (
			);
			runOnlyForDeploymentPostprocessing = 0;
		};
		E510BE1C1CC2EA28007820CC /* Frameworks */ = {
			isa = PBXFrameworksBuildPhase;
			buildActionMask = 2147483647;
			files = (
			);
			runOnlyForDeploymentPostprocessing = 0;
		};
		E5B419BA1CB9E853000EB677 /* Frameworks */ = {
			isa = PBXFrameworksBuildPhase;
			buildActionMask = 2147483647;
			files = (
				A27DD560F93D3EE956CE6F55 /* Pods_CodeCrackerSolver.framework in Frameworks */,
			);
			runOnlyForDeploymentPostprocessing = 0;
		};
/* End PBXFrameworksBuildPhase section */

/* Begin PBXGroup section */
		B8DB242246A530B0914784CC /* Pods */ = {
			isa = PBXGroup;
			children = (
				1B0937AA30648B137AD8DE08 /* Pods-CodeCrackerSolver.debug.xcconfig */,
				49051093100FD8C9AD4EB2D0 /* Pods-CodeCrackerSolver.release.xcconfig */,
			);
			name = Pods;
			sourceTree = "<group>";
		};
		D284987DA01A0EBB6546C475 /* Frameworks */ = {
			isa = PBXGroup;
			children = (
				8083C479A25418AE3240F095 /* Pods_CodeCrackerSolver.framework */,
			);
			name = Frameworks;
			sourceTree = "<group>";
		};
		E510BE121CC2EA07007820CC /* CodeCrackerSolverTests */ = {
			isa = PBXGroup;
			children = (
				E510BE131CC2EA07007820CC /* CodeCrackerSolverTests.swift */,
				E510BE151CC2EA07007820CC /* Info.plist */,
			);
			path = CodeCrackerSolverTests;
			sourceTree = "<group>";
		};
		E510BE201CC2EA28007820CC /* CodeCrackerSolverUITests */ = {
			isa = PBXGroup;
			children = (
				E510BE211CC2EA28007820CC /* CodeCrackerSolverUITests.swift */,
				E510BE231CC2EA28007820CC /* Info.plist */,
			);
			path = CodeCrackerSolverUITests;
			sourceTree = "<group>";
		};
		E58C1B911CC61C6F00F3CDA1 /* View */ = {
			isa = PBXGroup;
			children = (
				E5B419C41CB9E853000EB677 /* Main.storyboard */,
				E5B419C91CB9E853000EB677 /* LaunchScreen.storyboard */,
			);
			name = View;
			sourceTree = "<group>";
		};
		E5B419B41CB9E853000EB677 = {
			isa = PBXGroup;
			children = (
				E5B419BF1CB9E853000EB677 /* CodeCrackerSolver */,
				E510BE121CC2EA07007820CC /* CodeCrackerSolverTests */,
				E510BE201CC2EA28007820CC /* CodeCrackerSolverUITests */,
				E5B419BE1CB9E853000EB677 /* Products */,
				B8DB242246A530B0914784CC /* Pods */,
				D284987DA01A0EBB6546C475 /* Frameworks */,
			);
			sourceTree = "<group>";
		};
		E5B419BE1CB9E853000EB677 /* Products */ = {
			isa = PBXGroup;
			children = (
				E5B419BD1CB9E853000EB677 /* CodeCrackerSolver.app */,
				E510BE111CC2EA07007820CC /* CodeCrackerSolverTests.xctest */,
				E510BE1F1CC2EA28007820CC /* CodeCrackerSolverUITests.xctest */,
			);
			name = Products;
			sourceTree = "<group>";
		};
		E5B419BF1CB9E853000EB677 /* CodeCrackerSolver */ = {
			isa = PBXGroup;
			children = (
				E58C1B911CC61C6F00F3CDA1 /* View */,
				E5B894141CBB9070005970E4 /* Controllers */,
				E5B419C01CB9E853000EB677 /* AppDelegate.swift */,
				E5B419C71CB9E853000EB677 /* Assets.xcassets */,
				E5B419CC1CB9E853000EB677 /* Info.plist */,
			);
			path = CodeCrackerSolver;
			sourceTree = "<group>";
		};
		E5B894141CBB9070005970E4 /* Controllers */ = {
			isa = PBXGroup;
			children = (
				E5B894151CBB9097005970E4 /* SearchViewController.swift */,
				E5B894191CBB91EB005970E4 /* SearchViewController+UITextFieldDelegate.swift */,
				E5B894171CBB90A6005970E4 /* ResultsTableViewController.swift */,
				E5B8941B1CBB95B0005970E4 /* ResultsTableViewController+UITableViewDataSource.swift */,
			);
			name = Controllers;
			sourceTree = "<group>";
		};
/* End PBXGroup section */

/* Begin PBXNativeTarget section */
		E510BE101CC2EA07007820CC /* CodeCrackerSolverTests */ = {
			isa = PBXNativeTarget;
			buildConfigurationList = E510BE181CC2EA07007820CC /* Build configuration list for PBXNativeTarget "CodeCrackerSolverTests" */;
			buildPhases = (
				E510BE0D1CC2EA07007820CC /* Sources */,
				E510BE0E1CC2EA07007820CC /* Frameworks */,
				E510BE0F1CC2EA07007820CC /* Resources */,
			);
			buildRules = (
			);
			dependencies = (
				E510BE171CC2EA07007820CC /* PBXTargetDependency */,
			);
			name = CodeCrackerSolverTests;
			productName = CodeCrackerSolverTests;
			productReference = E510BE111CC2EA07007820CC /* CodeCrackerSolverTests.xctest */;
			productType = "com.apple.product-type.bundle.unit-test";
		};
		E510BE1E1CC2EA28007820CC /* CodeCrackerSolverUITests */ = {
			isa = PBXNativeTarget;
			buildConfigurationList = E510BE261CC2EA29007820CC /* Build configuration list for PBXNativeTarget "CodeCrackerSolverUITests" */;
			buildPhases = (
				E510BE1B1CC2EA28007820CC /* Sources */,
				E510BE1C1CC2EA28007820CC /* Frameworks */,
				E510BE1D1CC2EA28007820CC /* Resources */,
			);
			buildRules = (
			);
			dependencies = (
				E510BE251CC2EA28007820CC /* PBXTargetDependency */,
			);
			name = CodeCrackerSolverUITests;
			productName = CodeCrackerSolverUITests;
			productReference = E510BE1F1CC2EA28007820CC /* CodeCrackerSolverUITests.xctest */;
			productType = "com.apple.product-type.bundle.ui-testing";
		};
		E5B419BC1CB9E853000EB677 /* CodeCrackerSolver */ = {
			isa = PBXNativeTarget;
			buildConfigurationList = E5B419E51CB9E853000EB677 /* Build configuration list for PBXNativeTarget "CodeCrackerSolver" */;
			buildPhases = (
				20FAE0296455CF24FDF52352 /* [CP] Check Pods Manifest.lock */,
				E5B419B91CB9E853000EB677 /* Sources */,
				E5B419BA1CB9E853000EB677 /* Frameworks */,
				E5B419BB1CB9E853000EB677 /* Resources */,
				394D13E343E5D52879964327 /* [CP] Embed Pods Frameworks */,
				EC643A62B5B39193ACF0C2CF /* [CP] Copy Pods Resources */,
			);
			buildRules = (
			);
			dependencies = (
			);
			name = CodeCrackerSolver;
			productName = "Code Cracker Solver";
			productReference = E5B419BD1CB9E853000EB677 /* CodeCrackerSolver.app */;
			productType = "com.apple.product-type.application";
		};
/* End PBXNativeTarget section */

/* Begin PBXProject section */
		E5B419B51CB9E853000EB677 /* Project object */ = {
			isa = PBXProject;
			attributes = {
				LastSwiftUpdateCheck = 0730;
				LastUpgradeCheck = 0730;
				ORGANIZATIONNAME = "Rajan Fernandez";
				TargetAttributes = {
					E510BE101CC2EA07007820CC = {
						CreatedOnToolsVersion = 7.3;
						LastSwiftMigration = 0800;
						TestTargetID = E5B419BC1CB9E853000EB677;
					};
					E510BE1E1CC2EA28007820CC = {
						CreatedOnToolsVersion = 7.3;
						LastSwiftMigration = 0800;
						TestTargetID = E5B419BC1CB9E853000EB677;
					};
					E5B419BC1CB9E853000EB677 = {
						CreatedOnToolsVersion = 7.3;
						DevelopmentTeam = EF3Z2ZZH58;
						LastSwiftMigration = 0800;
					};
				};
			};
			buildConfigurationList = E5B419B81CB9E853000EB677 /* Build configuration list for PBXProject "CodeCrackerSolver" */;
			compatibilityVersion = "Xcode 3.2";
			developmentRegion = English;
			hasScannedForEncodings = 0;
			knownRegions = (
				en,
				Base,
			);
			mainGroup = E5B419B41CB9E853000EB677;
			productRefGroup = E5B419BE1CB9E853000EB677 /* Products */;
			projectDirPath = "";
			projectRoot = "";
			targets = (
				E5B419BC1CB9E853000EB677 /* CodeCrackerSolver */,
				E510BE101CC2EA07007820CC /* CodeCrackerSolverTests */,
				E510BE1E1CC2EA28007820CC /* CodeCrackerSolverUITests */,
			);
		};
/* End PBXProject section */

/* Begin PBXResourcesBuildPhase section */
		E510BE0F1CC2EA07007820CC /* Resources */ = {
			isa = PBXResourcesBuildPhase;
			buildActionMask = 2147483647;
			files = (
			);
			runOnlyForDeploymentPostprocessing = 0;
		};
		E510BE1D1CC2EA28007820CC /* Resources */ = {
			isa = PBXResourcesBuildPhase;
			buildActionMask = 2147483647;
			files = (
			);
			runOnlyForDeploymentPostprocessing = 0;
		};
		E5B419BB1CB9E853000EB677 /* Resources */ = {
			isa = PBXResourcesBuildPhase;
			buildActionMask = 2147483647;
			files = (
				E5B419CB1CB9E853000EB677 /* LaunchScreen.storyboard in Resources */,
				E5B419C81CB9E853000EB677 /* Assets.xcassets in Resources */,
				E5B419C61CB9E853000EB677 /* Main.storyboard in Resources */,
			);
			runOnlyForDeploymentPostprocessing = 0;
		};
/* End PBXResourcesBuildPhase section */

/* Begin PBXShellScriptBuildPhase section */
		20FAE0296455CF24FDF52352 /* [CP] Check Pods Manifest.lock */ = {
			isa = PBXShellScriptBuildPhase;
			buildActionMask = 2147483647;
			files = (
			);
			inputPaths = (
			);
			name = "[CP] Check Pods Manifest.lock";
			outputPaths = (
			);
			runOnlyForDeploymentPostprocessing = 0;
			shellPath = /bin/sh;
			shellScript = "diff \"${PODS_ROOT}/../Podfile.lock\" \"${PODS_ROOT}/Manifest.lock\" > /dev/null\nif [[ $? != 0 ]] ; then\n    cat << EOM\nerror: The sandbox is not in sync with the Podfile.lock. Run 'pod install' or update your CocoaPods installation.\nEOM\n    exit 1\nfi\n";
			showEnvVarsInLog = 0;
		};
		394D13E343E5D52879964327 /* [CP] Embed Pods Frameworks */ = {
			isa = PBXShellScriptBuildPhase;
			buildActionMask = 2147483647;
			files = (
			);
			inputPaths = (
			);
			name = "[CP] Embed Pods Frameworks";
			outputPaths = (
			);
			runOnlyForDeploymentPostprocessing = 0;
			shellPath = /bin/sh;
			shellScript = "\"${SRCROOT}/Pods/Target Support Files/Pods-CodeCrackerSolver/Pods-CodeCrackerSolver-frameworks.sh\"\n";
			showEnvVarsInLog = 0;
		};
		EC643A62B5B39193ACF0C2CF /* [CP] Copy Pods Resources */ = {
			isa = PBXShellScriptBuildPhase;
			buildActionMask = 2147483647;
			files = (
			);
			inputPaths = (
			);
			name = "[CP] Copy Pods Resources";
			outputPaths = (
			);
			runOnlyForDeploymentPostprocessing = 0;
			shellPath = /bin/sh;
			shellScript = "\"${SRCROOT}/Pods/Target Support Files/Pods-CodeCrackerSolver/Pods-CodeCrackerSolver-resources.sh\"\n";
			showEnvVarsInLog = 0;
		};
/* End PBXShellScriptBuildPhase section */

/* Begin PBXSourcesBuildPhase section */
		E510BE0D1CC2EA07007820CC /* Sources */ = {
			isa = PBXSourcesBuildPhase;
			buildActionMask = 2147483647;
			files = (
				E510BE141CC2EA07007820CC /* CodeCrackerSolverTests.swift in Sources */,
			);
			runOnlyForDeploymentPostprocessing = 0;
		};
		E510BE1B1CC2EA28007820CC /* Sources */ = {
			isa = PBXSourcesBuildPhase;
			buildActionMask = 2147483647;
			files = (
				E510BE221CC2EA28007820CC /* CodeCrackerSolverUITests.swift in Sources */,
			);
			runOnlyForDeploymentPostprocessing = 0;
		};
		E5B419B91CB9E853000EB677 /* Sources */ = {
			isa = PBXSourcesBuildPhase;
			buildActionMask = 2147483647;
			files = (
				E5B8941C1CBB95B0005970E4 /* ResultsTableViewController+UITableViewDataSource.swift in Sources */,
				E5B894181CBB90A6005970E4 /* ResultsTableViewController.swift in Sources */,
				E5B894161CBB9097005970E4 /* SearchViewController.swift in Sources */,
				E5B419C11CB9E853000EB677 /* AppDelegate.swift in Sources */,
				E5B8941A1CBB91EB005970E4 /* SearchViewController+UITextFieldDelegate.swift in Sources */,
			);
			runOnlyForDeploymentPostprocessing = 0;
		};
/* End PBXSourcesBuildPhase section */

/* Begin PBXTargetDependency section */
		E510BE171CC2EA07007820CC /* PBXTargetDependency */ = {
			isa = PBXTargetDependency;
			target = E5B419BC1CB9E853000EB677 /* CodeCrackerSolver */;
			targetProxy = E510BE161CC2EA07007820CC /* PBXContainerItemProxy */;
		};
		E510BE251CC2EA28007820CC /* PBXTargetDependency */ = {
			isa = PBXTargetDependency;
			target = E5B419BC1CB9E853000EB677 /* CodeCrackerSolver */;
			targetProxy = E510BE241CC2EA28007820CC /* PBXContainerItemProxy */;
		};
/* End PBXTargetDependency section */

/* Begin PBXVariantGroup section */
		E5B419C41CB9E853000EB677 /* Main.storyboard */ = {
			isa = PBXVariantGroup;
			children = (
				E5B419C51CB9E853000EB677 /* Base */,
			);
			name = Main.storyboard;
			sourceTree = "<group>";
		};
		E5B419C91CB9E853000EB677 /* LaunchScreen.storyboard */ = {
			isa = PBXVariantGroup;
			children = (
				E5B419CA1CB9E853000EB677 /* Base */,
			);
			name = LaunchScreen.storyboard;
			sourceTree = "<group>";
		};
/* End PBXVariantGroup section */

/* Begin XCBuildConfiguration section */
		E510BE191CC2EA07007820CC /* Debug */ = {
			isa = XCBuildConfiguration;
			buildSettings = {
				BUNDLE_LOADER = "$(TEST_HOST)";
				INFOPLIST_FILE = CodeCrackerSolverTests/Info.plist;
				LD_RUNPATH_SEARCH_PATHS = "$(inherited) @executable_path/Frameworks @loader_path/Frameworks";
				PRODUCT_BUNDLE_IDENTIFIER = com.rajanfernandez.CodeCrackerSolverTests;
				PRODUCT_NAME = "$(TARGET_NAME)";
				SWIFT_VERSION = 3.0;
				TEST_HOST = "$(BUILT_PRODUCTS_DIR)/CodeCrackerSolver.app/CodeCrackerSolver";
			};
			name = Debug;
		};
		E510BE1A1CC2EA07007820CC /* Release */ = {
			isa = XCBuildConfiguration;
			buildSettings = {
				BUNDLE_LOADER = "$(TEST_HOST)";
				INFOPLIST_FILE = CodeCrackerSolverTests/Info.plist;
				LD_RUNPATH_SEARCH_PATHS = "$(inherited) @executable_path/Frameworks @loader_path/Frameworks";
				PRODUCT_BUNDLE_IDENTIFIER = com.rajanfernandez.CodeCrackerSolverTests;
				PRODUCT_NAME = "$(TARGET_NAME)";
				SWIFT_VERSION = 3.0;
				TEST_HOST = "$(BUILT_PRODUCTS_DIR)/CodeCrackerSolver.app/CodeCrackerSolver";
			};
			name = Release;
		};
		E510BE271CC2EA29007820CC /* Debug */ = {
			isa = XCBuildConfiguration;
			buildSettings = {
				INFOPLIST_FILE = CodeCrackerSolverUITests/Info.plist;
				LD_RUNPATH_SEARCH_PATHS = "$(inherited) @executable_path/Frameworks @loader_path/Frameworks";
				PRODUCT_BUNDLE_IDENTIFIER = com.rajanfernandez.CodeCrackerSolverUITests;
				PRODUCT_NAME = "$(TARGET_NAME)";
				SWIFT_VERSION = 3.0;
				TEST_TARGET_NAME = CodeCrackerSolver;
			};
			name = Debug;
		};
		E510BE281CC2EA29007820CC /* Release */ = {
			isa = XCBuildConfiguration;
			buildSettings = {
				INFOPLIST_FILE = CodeCrackerSolverUITests/Info.plist;
				LD_RUNPATH_SEARCH_PATHS = "$(inherited) @executable_path/Frameworks @loader_path/Frameworks";
				PRODUCT_BUNDLE_IDENTIFIER = com.rajanfernandez.CodeCrackerSolverUITests;
				PRODUCT_NAME = "$(TARGET_NAME)";
				SWIFT_VERSION = 3.0;
				TEST_TARGET_NAME = CodeCrackerSolver;
			};
			name = Release;
		};
		E5B419E31CB9E853000EB677 /* Debug */ = {
			isa = XCBuildConfiguration;
			buildSettings = {
				ALWAYS_SEARCH_USER_PATHS = NO;
				CLANG_ANALYZER_NONNULL = YES;
				CLANG_CXX_LANGUAGE_STANDARD = "gnu++0x";
				CLANG_CXX_LIBRARY = "libc++";
				CLANG_ENABLE_MODULES = YES;
				CLANG_ENABLE_OBJC_ARC = YES;
				CLANG_WARN_BOOL_CONVERSION = YES;
				CLANG_WARN_CONSTANT_CONVERSION = YES;
				CLANG_WARN_DIRECT_OBJC_ISA_USAGE = YES_ERROR;
				CLANG_WARN_EMPTY_BODY = YES;
				CLANG_WARN_ENUM_CONVERSION = YES;
				CLANG_WARN_INT_CONVERSION = YES;
				CLANG_WARN_OBJC_ROOT_CLASS = YES_ERROR;
				CLANG_WARN_UNREACHABLE_CODE = YES;
				CLANG_WARN__DUPLICATE_METHOD_MATCH = YES;
				"CODE_SIGN_IDENTITY[sdk=iphoneos*]" = "iPhone Developer";
				COPY_PHASE_STRIP = NO;
				DEBUG_INFORMATION_FORMAT = dwarf;
				ENABLE_STRICT_OBJC_MSGSEND = YES;
				ENABLE_TESTABILITY = YES;
				GCC_C_LANGUAGE_STANDARD = gnu99;
				GCC_DYNAMIC_NO_PIC = NO;
				GCC_NO_COMMON_BLOCKS = YES;
				GCC_OPTIMIZATION_LEVEL = 0;
				GCC_PREPROCESSOR_DEFINITIONS = (
					"DEBUG=1",
					"$(inherited)",
				);
				GCC_WARN_64_TO_32_BIT_CONVERSION = YES;
				GCC_WARN_ABOUT_RETURN_TYPE = YES_ERROR;
				GCC_WARN_UNDECLARED_SELECTOR = YES;
				GCC_WARN_UNINITIALIZED_AUTOS = YES_AGGRESSIVE;
				GCC_WARN_UNUSED_FUNCTION = YES;
				GCC_WARN_UNUSED_VARIABLE = YES;
				IPHONEOS_DEPLOYMENT_TARGET = 9.3;
				MTL_ENABLE_DEBUG_INFO = YES;
				ONLY_ACTIVE_ARCH = YES;
				SDKROOT = iphoneos;
				SWIFT_INSTALL_OBJC_HEADER = YES;
				SWIFT_OBJC_BRIDGING_HEADER = "";
				SWIFT_OPTIMIZATION_LEVEL = "-Onone";
				TARGETED_DEVICE_FAMILY = "1,2";
			};
			name = Debug;
		};
		E5B419E41CB9E853000EB677 /* Release */ = {
			isa = XCBuildConfiguration;
			buildSettings = {
				ALWAYS_SEARCH_USER_PATHS = NO;
				CLANG_ANALYZER_NONNULL = YES;
				CLANG_CXX_LANGUAGE_STANDARD = "gnu++0x";
				CLANG_CXX_LIBRARY = "libc++";
				CLANG_ENABLE_MODULES = YES;
				CLANG_ENABLE_OBJC_ARC = YES;
				CLANG_WARN_BOOL_CONVERSION = YES;
				CLANG_WARN_CONSTANT_CONVERSION = YES;
				CLANG_WARN_DIRECT_OBJC_ISA_USAGE = YES_ERROR;
				CLANG_WARN_EMPTY_BODY = YES;
				CLANG_WARN_ENUM_CONVERSION = YES;
				CLANG_WARN_INT_CONVERSION = YES;
				CLANG_WARN_OBJC_ROOT_CLASS = YES_ERROR;
				CLANG_WARN_UNREACHABLE_CODE = YES;
				CLANG_WARN__DUPLICATE_METHOD_MATCH = YES;
				"CODE_SIGN_IDENTITY[sdk=iphoneos*]" = "iPhone Developer";
				COPY_PHASE_STRIP = NO;
				DEBUG_INFORMATION_FORMAT = "dwarf-with-dsym";
				ENABLE_NS_ASSERTIONS = NO;
				ENABLE_STRICT_OBJC_MSGSEND = YES;
				GCC_C_LANGUAGE_STANDARD = gnu99;
				GCC_NO_COMMON_BLOCKS = YES;
				GCC_WARN_64_TO_32_BIT_CONVERSION = YES;
				GCC_WARN_ABOUT_RETURN_TYPE = YES_ERROR;
				GCC_WARN_UNDECLARED_SELECTOR = YES;
				GCC_WARN_UNINITIALIZED_AUTOS = YES_AGGRESSIVE;
				GCC_WARN_UNUSED_FUNCTION = YES;
				GCC_WARN_UNUSED_VARIABLE = YES;
				IPHONEOS_DEPLOYMENT_TARGET = 9.3;
				MTL_ENABLE_DEBUG_INFO = NO;
				SDKROOT = iphoneos;
				SWIFT_INSTALL_OBJC_HEADER = YES;
				SWIFT_OBJC_BRIDGING_HEADER = "";
				TARGETED_DEVICE_FAMILY = "1,2";
				VALIDATE_PRODUCT = YES;
			};
			name = Release;
		};
		E5B419E61CB9E853000EB677 /* Debug */ = {
			isa = XCBuildConfiguration;
			baseConfigurationReference = 1B0937AA30648B137AD8DE08 /* Pods-CodeCrackerSolver.debug.xcconfig */;
			buildSettings = {
				ASSETCATALOG_COMPILER_APPICON_NAME = AppIcon;
				CODE_SIGN_IDENTITY = "iPhone Developer";
				INFOPLIST_FILE = CodeCrackerSolver/Info.plist;
				IPHONEOS_DEPLOYMENT_TARGET = 9.0;
				LD_RUNPATH_SEARCH_PATHS = "$(inherited) @executable_path/Frameworks";
				PRODUCT_BUNDLE_IDENTIFIER = com.rajanfernandez.CodeCrackerSolver;
				PRODUCT_NAME = CodeCrackerSolver;
				SWIFT_VERSION = 3.0;
				TARGETED_DEVICE_FAMILY = "1,2";
			};
			name = Debug;
		};
		E5B419E71CB9E853000EB677 /* Release */ = {
			isa = XCBuildConfiguration;
			baseConfigurationReference = 49051093100FD8C9AD4EB2D0 /* Pods-CodeCrackerSolver.release.xcconfig */;
			buildSettings = {
				ASSETCATALOG_COMPILER_APPICON_NAME = AppIcon;
				CODE_SIGN_IDENTITY = "iPhone Developer";
				INFOPLIST_FILE = CodeCrackerSolver/Info.plist;
				IPHONEOS_DEPLOYMENT_TARGET = 9.0;
				LD_RUNPATH_SEARCH_PATHS = "$(inherited) @executable_path/Frameworks";
				PRODUCT_BUNDLE_IDENTIFIER = com.rajanfernandez.CodeCrackerSolver;
				PRODUCT_NAME = CodeCrackerSolver;
				SWIFT_VERSION = 3.0;
				TARGETED_DEVICE_FAMILY = "1,2";
			};
			name = Release;
		};
/* End XCBuildConfiguration section */

/* Begin XCConfigurationList section */
		E510BE181CC2EA07007820CC /* Build configuration list for PBXNativeTarget "CodeCrackerSolverTests" */ = {
			isa = XCConfigurationList;
			buildConfigurations = (
				E510BE191CC2EA07007820CC /* Debug */,
				E510BE1A1CC2EA07007820CC /* Release */,
			);
			defaultConfigurationIsVisible = 0;
			defaultConfigurationName = Release;
		};
		E510BE261CC2EA29007820CC /* Build configuration list for PBXNativeTarget "CodeCrackerSolverUITests" */ = {
			isa = XCConfigurationList;
			buildConfigurations = (
				E510BE271CC2EA29007820CC /* Debug */,
				E510BE281CC2EA29007820CC /* Release */,
			);
			defaultConfigurationIsVisible = 0;
			defaultConfigurationName = Release;
		};
		E5B419B81CB9E853000EB677 /* Build configuration list for PBXProject "CodeCrackerSolver" */ = {
			isa = XCConfigurationList;
			buildConfigurations = (
				E5B419E31CB9E853000EB677 /* Debug */,
				E5B419E41CB9E853000EB677 /* Release */,
			);
			defaultConfigurationIsVisible = 0;
			defaultConfigurationName = Release;
		};
		E5B419E51CB9E853000EB677 /* Build configuration list for PBXNativeTarget "CodeCrackerSolver" */ = {
			isa = XCConfigurationList;
			buildConfigurations = (
				E5B419E61CB9E853000EB677 /* Debug */,
				E5B419E71CB9E853000EB677 /* Release */,
			);
			defaultConfigurationIsVisible = 0;
			defaultConfigurationName = Release;
		};
/* End XCConfigurationList section */
	};
	rootObject = E5B419B51CB9E853000EB677 /* Project object */;
}
