// !$*UTF8*$!
{
	archiveVersion = 1;
	classes = {
	};
	objectVersion = 46;
	objects = {

/* Begin PBXBuildFile section */
		287CFA98FDC4DA237D5C975C /* Pods_Code_Cracker_Solver.framework in Frameworks */ = {isa = PBXBuildFile; fileRef = 8F49B3531F3AE36B650426E6 /* Pods_Code_Cracker_Solver.framework */; };
		E5B419C11CB9E853000EB677 /* AppDelegate.swift in Sources */ = {isa = PBXBuildFile; fileRef = E5B419C01CB9E853000EB677 /* AppDelegate.swift */; };
		E5B419C61CB9E853000EB677 /* Main.storyboard in Resources */ = {isa = PBXBuildFile; fileRef = E5B419C41CB9E853000EB677 /* Main.storyboard */; };
		E5B419C81CB9E853000EB677 /* Assets.xcassets in Resources */ = {isa = PBXBuildFile; fileRef = E5B419C71CB9E853000EB677 /* Assets.xcassets */; };
		E5B419CB1CB9E853000EB677 /* LaunchScreen.storyboard in Resources */ = {isa = PBXBuildFile; fileRef = E5B419C91CB9E853000EB677 /* LaunchScreen.storyboard */; };
		E5B419D61CB9E853000EB677 /* Code_Cracker_SolverTests.swift in Sources */ = {isa = PBXBuildFile; fileRef = E5B419D51CB9E853000EB677 /* Code_Cracker_SolverTests.swift */; };
		E5B419E11CB9E853000EB677 /* Code_Cracker_SolverUITests.swift in Sources */ = {isa = PBXBuildFile; fileRef = E5B419E01CB9E853000EB677 /* Code_Cracker_SolverUITests.swift */; };
		E5B894161CBB9097005970E4 /* SearchViewController.swift in Sources */ = {isa = PBXBuildFile; fileRef = E5B894151CBB9097005970E4 /* SearchViewController.swift */; };
		E5B894181CBB90A6005970E4 /* ResultsTableViewController.swift in Sources */ = {isa = PBXBuildFile; fileRef = E5B894171CBB90A6005970E4 /* ResultsTableViewController.swift */; };
		E5B8941A1CBB91EB005970E4 /* SearchViewController+UITextFieldDelegate.swift in Sources */ = {isa = PBXBuildFile; fileRef = E5B894191CBB91EB005970E4 /* SearchViewController+UITextFieldDelegate.swift */; };
		E5B8941C1CBB95B0005970E4 /* ResultsTableViewController+UITableViewDataSource.swift in Sources */ = {isa = PBXBuildFile; fileRef = E5B8941B1CBB95B0005970E4 /* ResultsTableViewController+UITableViewDataSource.swift */; };
/* End PBXBuildFile section */

/* Begin PBXContainerItemProxy section */
		E5B419D21CB9E853000EB677 /* PBXContainerItemProxy */ = {
			isa = PBXContainerItemProxy;
			containerPortal = E5B419B51CB9E853000EB677 /* Project object */;
			proxyType = 1;
			remoteGlobalIDString = E5B419BC1CB9E853000EB677;
			remoteInfo = "Code Cracker Solver";
		};
		E5B419DD1CB9E853000EB677 /* PBXContainerItemProxy */ = {
			isa = PBXContainerItemProxy;
			containerPortal = E5B419B51CB9E853000EB677 /* Project object */;
			proxyType = 1;
			remoteGlobalIDString = E5B419BC1CB9E853000EB677;
			remoteInfo = "Code Cracker Solver";
		};
/* End PBXContainerItemProxy section */

/* Begin PBXFileReference section */
		1C7E2A15DA8272C5B081C1EA /* Pods-Code Cracker Solver.debug.xcconfig */ = {isa = PBXFileReference; includeInIndex = 1; lastKnownFileType = text.xcconfig; name = "Pods-Code Cracker Solver.debug.xcconfig"; path = "Pods/Target Support Files/Pods-Code Cracker Solver/Pods-Code Cracker Solver.debug.xcconfig"; sourceTree = "<group>"; };
		8F49B3531F3AE36B650426E6 /* Pods_Code_Cracker_Solver.framework */ = {isa = PBXFileReference; explicitFileType = wrapper.framework; includeInIndex = 0; path = Pods_Code_Cracker_Solver.framework; sourceTree = BUILT_PRODUCTS_DIR; };
		9294D54DC4302AD24A9D309E /* Pods-Code Cracker Solver.release.xcconfig */ = {isa = PBXFileReference; includeInIndex = 1; lastKnownFileType = text.xcconfig; name = "Pods-Code Cracker Solver.release.xcconfig"; path = "Pods/Target Support Files/Pods-Code Cracker Solver/Pods-Code Cracker Solver.release.xcconfig"; sourceTree = "<group>"; };
		E5B419BD1CB9E853000EB677 /* Code Cracker Solver.app */ = {isa = PBXFileReference; explicitFileType = wrapper.application; includeInIndex = 0; path = "Code Cracker Solver.app"; sourceTree = BUILT_PRODUCTS_DIR; };
		E5B419C01CB9E853000EB677 /* AppDelegate.swift */ = {isa = PBXFileReference; lastKnownFileType = sourcecode.swift; path = AppDelegate.swift; sourceTree = "<group>"; };
		E5B419C51CB9E853000EB677 /* Base */ = {isa = PBXFileReference; lastKnownFileType = file.storyboard; name = Base; path = Base.lproj/Main.storyboard; sourceTree = "<group>"; };
		E5B419C71CB9E853000EB677 /* Assets.xcassets */ = {isa = PBXFileReference; lastKnownFileType = folder.assetcatalog; path = Assets.xcassets; sourceTree = "<group>"; };
		E5B419CA1CB9E853000EB677 /* Base */ = {isa = PBXFileReference; lastKnownFileType = file.storyboard; name = Base; path = Base.lproj/LaunchScreen.storyboard; sourceTree = "<group>"; };
		E5B419CC1CB9E853000EB677 /* Info.plist */ = {isa = PBXFileReference; lastKnownFileType = text.plist.xml; path = Info.plist; sourceTree = "<group>"; };
		E5B419D11CB9E853000EB677 /* Code Cracker SolverTests.xctest */ = {isa = PBXFileReference; explicitFileType = wrapper.cfbundle; includeInIndex = 0; path = "Code Cracker SolverTests.xctest"; sourceTree = BUILT_PRODUCTS_DIR; };
		E5B419D51CB9E853000EB677 /* Code_Cracker_SolverTests.swift */ = {isa = PBXFileReference; lastKnownFileType = sourcecode.swift; path = Code_Cracker_SolverTests.swift; sourceTree = "<group>"; };
		E5B419D71CB9E853000EB677 /* Info.plist */ = {isa = PBXFileReference; lastKnownFileType = text.plist.xml; path = Info.plist; sourceTree = "<group>"; };
		E5B419DC1CB9E853000EB677 /* Code Cracker SolverUITests.xctest */ = {isa = PBXFileReference; explicitFileType = wrapper.cfbundle; includeInIndex = 0; path = "Code Cracker SolverUITests.xctest"; sourceTree = BUILT_PRODUCTS_DIR; };
		E5B419E01CB9E853000EB677 /* Code_Cracker_SolverUITests.swift */ = {isa = PBXFileReference; lastKnownFileType = sourcecode.swift; path = Code_Cracker_SolverUITests.swift; sourceTree = "<group>"; };
		E5B419E21CB9E853000EB677 /* Info.plist */ = {isa = PBXFileReference; lastKnownFileType = text.plist.xml; path = Info.plist; sourceTree = "<group>"; };
		E5B894131CBA15AA005970E4 /* Code Cracker Solver-Bridging-Header.h.h */ = {isa = PBXFileReference; lastKnownFileType = sourcecode.c.h; path = "Code Cracker Solver-Bridging-Header.h.h"; sourceTree = "<group>"; };
		E5B894151CBB9097005970E4 /* SearchViewController.swift */ = {isa = PBXFileReference; fileEncoding = 4; lastKnownFileType = sourcecode.swift; path = SearchViewController.swift; sourceTree = "<group>"; };
		E5B894171CBB90A6005970E4 /* ResultsTableViewController.swift */ = {isa = PBXFileReference; fileEncoding = 4; lastKnownFileType = sourcecode.swift; path = ResultsTableViewController.swift; sourceTree = "<group>"; };
		E5B894191CBB91EB005970E4 /* SearchViewController+UITextFieldDelegate.swift */ = {isa = PBXFileReference; fileEncoding = 4; lastKnownFileType = sourcecode.swift; path = "SearchViewController+UITextFieldDelegate.swift"; sourceTree = "<group>"; };
		E5B8941B1CBB95B0005970E4 /* ResultsTableViewController+UITableViewDataSource.swift */ = {isa = PBXFileReference; fileEncoding = 4; lastKnownFileType = sourcecode.swift; path = "ResultsTableViewController+UITableViewDataSource.swift"; sourceTree = "<group>"; };
/* End PBXFileReference section */

/* Begin PBXFrameworksBuildPhase section */
		E5B419BA1CB9E853000EB677 /* Frameworks */ = {
			isa = PBXFrameworksBuildPhase;
			buildActionMask = 2147483647;
			files = (
				287CFA98FDC4DA237D5C975C /* Pods_Code_Cracker_Solver.framework in Frameworks */,
			);
			runOnlyForDeploymentPostprocessing = 0;
		};
		E5B419CE1CB9E853000EB677 /* Frameworks */ = {
			isa = PBXFrameworksBuildPhase;
			buildActionMask = 2147483647;
			files = (
			);
			runOnlyForDeploymentPostprocessing = 0;
		};
		E5B419D91CB9E853000EB677 /* Frameworks */ = {
			isa = PBXFrameworksBuildPhase;
			buildActionMask = 2147483647;
			files = (
			);
			runOnlyForDeploymentPostprocessing = 0;
		};
/* End PBXFrameworksBuildPhase section */

/* Begin PBXGroup section */
		E5B419B41CB9E853000EB677 = {
			isa = PBXGroup;
			children = (
				E5B419BF1CB9E853000EB677 /* Code Cracker Solver */,
				E5B419D41CB9E853000EB677 /* Code Cracker SolverTests */,
				E5B419DF1CB9E853000EB677 /* Code Cracker SolverUITests */,
				E5B419BE1CB9E853000EB677 /* Products */,
				EC5A0DE22B7EACAAB5F7F866 /* Pods */,
				FC062336F03F889A7DA4504D /* Frameworks */,
			);
			sourceTree = "<group>";
		};
		E5B419BE1CB9E853000EB677 /* Products */ = {
			isa = PBXGroup;
			children = (
				E5B419BD1CB9E853000EB677 /* Code Cracker Solver.app */,
				E5B419D11CB9E853000EB677 /* Code Cracker SolverTests.xctest */,
				E5B419DC1CB9E853000EB677 /* Code Cracker SolverUITests.xctest */,
			);
			name = Products;
			sourceTree = "<group>";
		};
		E5B419BF1CB9E853000EB677 /* Code Cracker Solver */ = {
			isa = PBXGroup;
			children = (
				E5B894141CBB9070005970E4 /* Controllers */,
				E5B419C01CB9E853000EB677 /* AppDelegate.swift */,
				E5B419C41CB9E853000EB677 /* Main.storyboard */,
				E5B419C71CB9E853000EB677 /* Assets.xcassets */,
				E5B419C91CB9E853000EB677 /* LaunchScreen.storyboard */,
				E5B419CC1CB9E853000EB677 /* Info.plist */,
				E5B894131CBA15AA005970E4 /* Code Cracker Solver-Bridging-Header.h.h */,
			);
			path = "Code Cracker Solver";
			sourceTree = "<group>";
		};
		E5B419D41CB9E853000EB677 /* Code Cracker SolverTests */ = {
			isa = PBXGroup;
			children = (
				E5B419D51CB9E853000EB677 /* Code_Cracker_SolverTests.swift */,
				E5B419D71CB9E853000EB677 /* Info.plist */,
			);
			path = "Code Cracker SolverTests";
			sourceTree = "<group>";
		};
		E5B419DF1CB9E853000EB677 /* Code Cracker SolverUITests */ = {
			isa = PBXGroup;
			children = (
				E5B419E01CB9E853000EB677 /* Code_Cracker_SolverUITests.swift */,
				E5B419E21CB9E853000EB677 /* Info.plist */,
			);
			path = "Code Cracker SolverUITests";
			sourceTree = "<group>";
		};
		E5B894141CBB9070005970E4 /* Controllers */ = {
			isa = PBXGroup;
			children = (
				E5B894151CBB9097005970E4 /* SearchViewController.swift */,
				E5B894191CBB91EB005970E4 /* SearchViewController+UITextFieldDelegate.swift */,
				E5B894171CBB90A6005970E4 /* ResultsTableViewController.swift */,
				E5B8941B1CBB95B0005970E4 /* ResultsTableViewController+UITableViewDataSource.swift */,
			);
			name = Controllers;
			sourceTree = "<group>";
		};
		EC5A0DE22B7EACAAB5F7F866 /* Pods */ = {
			isa = PBXGroup;
			children = (
				1C7E2A15DA8272C5B081C1EA /* Pods-Code Cracker Solver.debug.xcconfig */,
				9294D54DC4302AD24A9D309E /* Pods-Code Cracker Solver.release.xcconfig */,
			);
			name = Pods;
			sourceTree = "<group>";
		};
		FC062336F03F889A7DA4504D /* Frameworks */ = {
			isa = PBXGroup;
			children = (
				8F49B3531F3AE36B650426E6 /* Pods_Code_Cracker_Solver.framework */,
			);
			name = Frameworks;
			sourceTree = "<group>";
		};
/* End PBXGroup section */

/* Begin PBXNativeTarget section */
		E5B419BC1CB9E853000EB677 /* Code Cracker Solver */ = {
			isa = PBXNativeTarget;
			buildConfigurationList = E5B419E51CB9E853000EB677 /* Build configuration list for PBXNativeTarget "Code Cracker Solver" */;
			buildPhases = (
				3FA87230F6A6E65C9DDA9EF3 /* Check Pods Manifest.lock */,
				E5B419B91CB9E853000EB677 /* Sources */,
				E5B419BA1CB9E853000EB677 /* Frameworks */,
				E5B419BB1CB9E853000EB677 /* Resources */,
				A2A9E947F32F94F1DA98F9B0 /* Embed Pods Frameworks */,
				8976B35EA96CA9809F98E3EA /* Copy Pods Resources */,
			);
			buildRules = (
			);
			dependencies = (
			);
			name = "Code Cracker Solver";
			productName = "Code Cracker Solver";
			productReference = E5B419BD1CB9E853000EB677 /* Code Cracker Solver.app */;
			productType = "com.apple.product-type.application";
		};
		E5B419D01CB9E853000EB677 /* Code Cracker SolverTests */ = {
			isa = PBXNativeTarget;
			buildConfigurationList = E5B419E81CB9E853000EB677 /* Build configuration list for PBXNativeTarget "Code Cracker SolverTests" */;
			buildPhases = (
				E5B419CD1CB9E853000EB677 /* Sources */,
				E5B419CE1CB9E853000EB677 /* Frameworks */,
				E5B419CF1CB9E853000EB677 /* Resources */,
			);
			buildRules = (
			);
			dependencies = (
				E5B419D31CB9E853000EB677 /* PBXTargetDependency */,
			);
			name = "Code Cracker SolverTests";
			productName = "Code Cracker SolverTests";
			productReference = E5B419D11CB9E853000EB677 /* Code Cracker SolverTests.xctest */;
			productType = "com.apple.product-type.bundle.unit-test";
		};
		E5B419DB1CB9E853000EB677 /* Code Cracker SolverUITests */ = {
			isa = PBXNativeTarget;
			buildConfigurationList = E5B419EB1CB9E853000EB677 /* Build configuration list for PBXNativeTarget "Code Cracker SolverUITests" */;
			buildPhases = (
				E5B419D81CB9E853000EB677 /* Sources */,
				E5B419D91CB9E853000EB677 /* Frameworks */,
				E5B419DA1CB9E853000EB677 /* Resources */,
			);
			buildRules = (
			);
			dependencies = (
				E5B419DE1CB9E853000EB677 /* PBXTargetDependency */,
			);
			name = "Code Cracker SolverUITests";
			productName = "Code Cracker SolverUITests";
			productReference = E5B419DC1CB9E853000EB677 /* Code Cracker SolverUITests.xctest */;
			productType = "com.apple.product-type.bundle.ui-testing";
		};
/* End PBXNativeTarget section */

/* Begin PBXProject section */
		E5B419B51CB9E853000EB677 /* Project object */ = {
			isa = PBXProject;
			attributes = {
				LastSwiftUpdateCheck = 0730;
				LastUpgradeCheck = 0730;
				ORGANIZATIONNAME = "Rajan Fernandez";
				TargetAttributes = {
					E5B419BC1CB9E853000EB677 = {
						CreatedOnToolsVersion = 7.3;
						DevelopmentTeam = EF3Z2ZZH58;
					};
					E5B419D01CB9E853000EB677 = {
						CreatedOnToolsVersion = 7.3;
						TestTargetID = E5B419BC1CB9E853000EB677;
					};
					E5B419DB1CB9E853000EB677 = {
						CreatedOnToolsVersion = 7.3;
						TestTargetID = E5B419BC1CB9E853000EB677;
					};
				};
			};
			buildConfigurationList = E5B419B81CB9E853000EB677 /* Build configuration list for PBXProject "Code Cracker Solver" */;
			compatibilityVersion = "Xcode 3.2";
			developmentRegion = English;
			hasScannedForEncodings = 0;
			knownRegions = (
				en,
				Base,
			);
			mainGroup = E5B419B41CB9E853000EB677;
			productRefGroup = E5B419BE1CB9E853000EB677 /* Products */;
			projectDirPath = "";
			projectRoot = "";
			targets = (
				E5B419BC1CB9E853000EB677 /* Code Cracker Solver */,
				E5B419D01CB9E853000EB677 /* Code Cracker SolverTests */,
				E5B419DB1CB9E853000EB677 /* Code Cracker SolverUITests */,
			);
		};
/* End PBXProject section */

/* Begin PBXResourcesBuildPhase section */
		E5B419BB1CB9E853000EB677 /* Resources */ = {
			isa = PBXResourcesBuildPhase;
			buildActionMask = 2147483647;
			files = (
				E5B419CB1CB9E853000EB677 /* LaunchScreen.storyboard in Resources */,
				E5B419C81CB9E853000EB677 /* Assets.xcassets in Resources */,
				E5B419C61CB9E853000EB677 /* Main.storyboard in Resources */,
			);
			runOnlyForDeploymentPostprocessing = 0;
		};
		E5B419CF1CB9E853000EB677 /* Resources */ = {
			isa = PBXResourcesBuildPhase;
			buildActionMask = 2147483647;
			files = (
			);
			runOnlyForDeploymentPostprocessing = 0;
		};
		E5B419DA1CB9E853000EB677 /* Resources */ = {
			isa = PBXResourcesBuildPhase;
			buildActionMask = 2147483647;
			files = (
			);
			runOnlyForDeploymentPostprocessing = 0;
		};
/* End PBXResourcesBuildPhase section */

/* Begin PBXShellScriptBuildPhase section */
		3FA87230F6A6E65C9DDA9EF3 /* Check Pods Manifest.lock */ = {
			isa = PBXShellScriptBuildPhase;
			buildActionMask = 2147483647;
			files = (
			);
			inputPaths = (
			);
			name = "Check Pods Manifest.lock";
			outputPaths = (
			);
			runOnlyForDeploymentPostprocessing = 0;
			shellPath = /bin/sh;
			shellScript = "diff \"${PODS_ROOT}/../Podfile.lock\" \"${PODS_ROOT}/Manifest.lock\" > /dev/null\nif [[ $? != 0 ]] ; then\n    cat << EOM\nerror: The sandbox is not in sync with the Podfile.lock. Run 'pod install' or update your CocoaPods installation.\nEOM\n    exit 1\nfi\n";
			showEnvVarsInLog = 0;
		};
		8976B35EA96CA9809F98E3EA /* Copy Pods Resources */ = {
			isa = PBXShellScriptBuildPhase;
			buildActionMask = 2147483647;
			files = (
			);
			inputPaths = (
			);
			name = "Copy Pods Resources";
			outputPaths = (
			);
			runOnlyForDeploymentPostprocessing = 0;
			shellPath = /bin/sh;
			shellScript = "\"${SRCROOT}/Pods/Target Support Files/Pods-Code Cracker Solver/Pods-Code Cracker Solver-resources.sh\"\n";
			showEnvVarsInLog = 0;
		};
		A2A9E947F32F94F1DA98F9B0 /* Embed Pods Frameworks */ = {
			isa = PBXShellScriptBuildPhase;
			buildActionMask = 2147483647;
			files = (
			);
			inputPaths = (
			);
			name = "Embed Pods Frameworks";
			outputPaths = (
			);
			runOnlyForDeploymentPostprocessing = 0;
			shellPath = /bin/sh;
			shellScript = "\"${SRCROOT}/Pods/Target Support Files/Pods-Code Cracker Solver/Pods-Code Cracker Solver-frameworks.sh\"\n";
			showEnvVarsInLog = 0;
		};
/* End PBXShellScriptBuildPhase section */

/* Begin PBXSourcesBuildPhase section */
		E5B419B91CB9E853000EB677 /* Sources */ = {
			isa = PBXSourcesBuildPhase;
			buildActionMask = 2147483647;
			files = (
				E5B8941C1CBB95B0005970E4 /* ResultsTableViewController+UITableViewDataSource.swift in Sources */,
				E5B894181CBB90A6005970E4 /* ResultsTableViewController.swift in Sources */,
				E5B894161CBB9097005970E4 /* SearchViewController.swift in Sources */,
				E5B419C11CB9E853000EB677 /* AppDelegate.swift in Sources */,
				E5B8941A1CBB91EB005970E4 /* SearchViewController+UITextFieldDelegate.swift in Sources */,
			);
			runOnlyForDeploymentPostprocessing = 0;
		};
		E5B419CD1CB9E853000EB677 /* Sources */ = {
			isa = PBXSourcesBuildPhase;
			buildActionMask = 2147483647;
			files = (
				E5B419D61CB9E853000EB677 /* Code_Cracker_SolverTests.swift in Sources */,
			);
			runOnlyForDeploymentPostprocessing = 0;
		};
		E5B419D81CB9E853000EB677 /* Sources */ = {
			isa = PBXSourcesBuildPhase;
			buildActionMask = 2147483647;
			files = (
				E5B419E11CB9E853000EB677 /* Code_Cracker_SolverUITests.swift in Sources */,
			);
			runOnlyForDeploymentPostprocessing = 0;
		};
/* End PBXSourcesBuildPhase section */

/* Begin PBXTargetDependency section */
		E5B419D31CB9E853000EB677 /* PBXTargetDependency */ = {
			isa = PBXTargetDependency;
			target = E5B419BC1CB9E853000EB677 /* Code Cracker Solver */;
			targetProxy = E5B419D21CB9E853000EB677 /* PBXContainerItemProxy */;
		};
		E5B419DE1CB9E853000EB677 /* PBXTargetDependency */ = {
			isa = PBXTargetDependency;
			target = E5B419BC1CB9E853000EB677 /* Code Cracker Solver */;
			targetProxy = E5B419DD1CB9E853000EB677 /* PBXContainerItemProxy */;
		};
/* End PBXTargetDependency section */

/* Begin PBXVariantGroup section */
		E5B419C41CB9E853000EB677 /* Main.storyboard */ = {
			isa = PBXVariantGroup;
			children = (
				E5B419C51CB9E853000EB677 /* Base */,
			);
			name = Main.storyboard;
			sourceTree = "<group>";
		};
		E5B419C91CB9E853000EB677 /* LaunchScreen.storyboard */ = {
			isa = PBXVariantGroup;
			children = (
				E5B419CA1CB9E853000EB677 /* Base */,
			);
			name = LaunchScreen.storyboard;
			sourceTree = "<group>";
		};
/* End PBXVariantGroup section */

/* Begin XCBuildConfiguration section */
		E5B419E31CB9E853000EB677 /* Debug */ = {
			isa = XCBuildConfiguration;
			buildSettings = {
				ALWAYS_SEARCH_USER_PATHS = NO;
				CLANG_ANALYZER_NONNULL = YES;
				CLANG_CXX_LANGUAGE_STANDARD = "gnu++0x";
				CLANG_CXX_LIBRARY = "libc++";
				CLANG_ENABLE_MODULES = YES;
				CLANG_ENABLE_OBJC_ARC = YES;
				CLANG_WARN_BOOL_CONVERSION = YES;
				CLANG_WARN_CONSTANT_CONVERSION = YES;
				CLANG_WARN_DIRECT_OBJC_ISA_USAGE = YES_ERROR;
				CLANG_WARN_EMPTY_BODY = YES;
				CLANG_WARN_ENUM_CONVERSION = YES;
				CLANG_WARN_INT_CONVERSION = YES;
				CLANG_WARN_OBJC_ROOT_CLASS = YES_ERROR;
				CLANG_WARN_UNREACHABLE_CODE = YES;
				CLANG_WARN__DUPLICATE_METHOD_MATCH = YES;
				"CODE_SIGN_IDENTITY[sdk=iphoneos*]" = "iPhone Developer";
				COPY_PHASE_STRIP = NO;
				DEBUG_INFORMATION_FORMAT = dwarf;
				ENABLE_STRICT_OBJC_MSGSEND = YES;
				ENABLE_TESTABILITY = YES;
				GCC_C_LANGUAGE_STANDARD = gnu99;
				GCC_DYNAMIC_NO_PIC = NO;
				GCC_NO_COMMON_BLOCKS = YES;
				GCC_OPTIMIZATION_LEVEL = 0;
				GCC_PREPROCESSOR_DEFINITIONS = (
					"DEBUG=1",
					"$(inherited)",
				);
				GCC_WARN_64_TO_32_BIT_CONVERSION = YES;
				GCC_WARN_ABOUT_RETURN_TYPE = YES_ERROR;
				GCC_WARN_UNDECLARED_SELECTOR = YES;
				GCC_WARN_UNINITIALIZED_AUTOS = YES_AGGRESSIVE;
				GCC_WARN_UNUSED_FUNCTION = YES;
				GCC_WARN_UNUSED_VARIABLE = YES;
				IPHONEOS_DEPLOYMENT_TARGET = 9.3;
				MTL_ENABLE_DEBUG_INFO = YES;
				ONLY_ACTIVE_ARCH = YES;
				SDKROOT = iphoneos;
				SWIFT_OPTIMIZATION_LEVEL = "-Onone";
				TARGETED_DEVICE_FAMILY = "1,2";
			};
			name = Debug;
		};
		E5B419E41CB9E853000EB677 /* Release */ = {
			isa = XCBuildConfiguration;
			buildSettings = {
				ALWAYS_SEARCH_USER_PATHS = NO;
				CLANG_ANALYZER_NONNULL = YES;
				CLANG_CXX_LANGUAGE_STANDARD = "gnu++0x";
				CLANG_CXX_LIBRARY = "libc++";
				CLANG_ENABLE_MODULES = YES;
				CLANG_ENABLE_OBJC_ARC = YES;
				CLANG_WARN_BOOL_CONVERSION = YES;
				CLANG_WARN_CONSTANT_CONVERSION = YES;
				CLANG_WARN_DIRECT_OBJC_ISA_USAGE = YES_ERROR;
				CLANG_WARN_EMPTY_BODY = YES;
				CLANG_WARN_ENUM_CONVERSION = YES;
				CLANG_WARN_INT_CONVERSION = YES;
				CLANG_WARN_OBJC_ROOT_CLASS = YES_ERROR;
				CLANG_WARN_UNREACHABLE_CODE = YES;
				CLANG_WARN__DUPLICATE_METHOD_MATCH = YES;
				"CODE_SIGN_IDENTITY[sdk=iphoneos*]" = "iPhone Developer";
				COPY_PHASE_STRIP = NO;
				DEBUG_INFORMATION_FORMAT = "dwarf-with-dsym";
				ENABLE_NS_ASSERTIONS = NO;
				ENABLE_STRICT_OBJC_MSGSEND = YES;
				GCC_C_LANGUAGE_STANDARD = gnu99;
				GCC_NO_COMMON_BLOCKS = YES;
				GCC_WARN_64_TO_32_BIT_CONVERSION = YES;
				GCC_WARN_ABOUT_RETURN_TYPE = YES_ERROR;
				GCC_WARN_UNDECLARED_SELECTOR = YES;
				GCC_WARN_UNINITIALIZED_AUTOS = YES_AGGRESSIVE;
				GCC_WARN_UNUSED_FUNCTION = YES;
				GCC_WARN_UNUSED_VARIABLE = YES;
				IPHONEOS_DEPLOYMENT_TARGET = 9.3;
				MTL_ENABLE_DEBUG_INFO = NO;
				SDKROOT = iphoneos;
				TARGETED_DEVICE_FAMILY = "1,2";
				VALIDATE_PRODUCT = YES;
			};
			name = Release;
		};
		E5B419E61CB9E853000EB677 /* Debug */ = {
			isa = XCBuildConfiguration;
			baseConfigurationReference = 1C7E2A15DA8272C5B081C1EA /* Pods-Code Cracker Solver.debug.xcconfig */;
			buildSettings = {
				ASSETCATALOG_COMPILER_APPICON_NAME = AppIcon;
				CODE_SIGN_IDENTITY = "iPhone Developer";
				INFOPLIST_FILE = "Code Cracker Solver/Info.plist";
				LD_RUNPATH_SEARCH_PATHS = "$(inherited) @executable_path/Frameworks";
				PRODUCT_BUNDLE_IDENTIFIER = com.rajanfernandez.CodeCrackerSolver;
				PRODUCT_NAME = "$(TARGET_NAME)";
			};
			name = Debug;
		};
		E5B419E71CB9E853000EB677 /* Release */ = {
			isa = XCBuildConfiguration;
			baseConfigurationReference = 9294D54DC4302AD24A9D309E /* Pods-Code Cracker Solver.release.xcconfig */;
			buildSettings = {
				ASSETCATALOG_COMPILER_APPICON_NAME = AppIcon;
				CODE_SIGN_IDENTITY = "iPhone Developer";
				INFOPLIST_FILE = "Code Cracker Solver/Info.plist";
				LD_RUNPATH_SEARCH_PATHS = "$(inherited) @executable_path/Frameworks";
				PRODUCT_BUNDLE_IDENTIFIER = com.rajanfernandez.CodeCrackerSolver;
				PRODUCT_NAME = "$(TARGET_NAME)";
			};
			name = Release;
		};
		E5B419E91CB9E853000EB677 /* Debug */ = {
			isa = XCBuildConfiguration;
			buildSettings = {
				BUNDLE_LOADER = "$(TEST_HOST)";
				INFOPLIST_FILE = "Code Cracker SolverTests/Info.plist";
				LD_RUNPATH_SEARCH_PATHS = "$(inherited) @executable_path/Frameworks @loader_path/Frameworks";
				PRODUCT_BUNDLE_IDENTIFIER = "com.rajanfernandez.Code-Cracker-SolverTests";
				PRODUCT_NAME = "$(TARGET_NAME)";
				TEST_HOST = "$(BUILT_PRODUCTS_DIR)/Code Cracker Solver.app/Code Cracker Solver";
			};
			name = Debug;
		};
		E5B419EA1CB9E853000EB677 /* Release */ = {
			isa = XCBuildConfiguration;
			buildSettings = {
				BUNDLE_LOADER = "$(TEST_HOST)";
				INFOPLIST_FILE = "Code Cracker SolverTests/Info.plist";
				LD_RUNPATH_SEARCH_PATHS = "$(inherited) @executable_path/Frameworks @loader_path/Frameworks";
				PRODUCT_BUNDLE_IDENTIFIER = "com.rajanfernandez.Code-Cracker-SolverTests";
				PRODUCT_NAME = "$(TARGET_NAME)";
				TEST_HOST = "$(BUILT_PRODUCTS_DIR)/Code Cracker Solver.app/Code Cracker Solver";
			};
			name = Release;
		};
		E5B419EC1CB9E853000EB677 /* Debug */ = {
			isa = XCBuildConfiguration;
			buildSettings = {
				INFOPLIST_FILE = "Code Cracker SolverUITests/Info.plist";
				LD_RUNPATH_SEARCH_PATHS = "$(inherited) @executable_path/Frameworks @loader_path/Frameworks";
				PRODUCT_BUNDLE_IDENTIFIER = "com.rajanfernandez.Code-Cracker-SolverUITests";
				PRODUCT_NAME = "$(TARGET_NAME)";
				TEST_TARGET_NAME = "Code Cracker Solver";
			};
			name = Debug;
		};
		E5B419ED1CB9E853000EB677 /* Release */ = {
			isa = XCBuildConfiguration;
			buildSettings = {
				INFOPLIST_FILE = "Code Cracker SolverUITests/Info.plist";
				LD_RUNPATH_SEARCH_PATHS = "$(inherited) @executable_path/Frameworks @loader_path/Frameworks";
				PRODUCT_BUNDLE_IDENTIFIER = "com.rajanfernandez.Code-Cracker-SolverUITests";
				PRODUCT_NAME = "$(TARGET_NAME)";
				TEST_TARGET_NAME = "Code Cracker Solver";
			};
			name = Release;
		};
/* End XCBuildConfiguration section */

/* Begin XCConfigurationList section */
		E5B419B81CB9E853000EB677 /* Build configuration list for PBXProject "Code Cracker Solver" */ = {
			isa = XCConfigurationList;
			buildConfigurations = (
				E5B419E31CB9E853000EB677 /* Debug */,
				E5B419E41CB9E853000EB677 /* Release */,
			);
			defaultConfigurationIsVisible = 0;
			defaultConfigurationName = Release;
		};
		E5B419E51CB9E853000EB677 /* Build configuration list for PBXNativeTarget "Code Cracker Solver" */ = {
			isa = XCConfigurationList;
			buildConfigurations = (
				E5B419E61CB9E853000EB677 /* Debug */,
				E5B419E71CB9E853000EB677 /* Release */,
			);
			defaultConfigurationIsVisible = 0;
			defaultConfigurationName = Release;
		};
		E5B419E81CB9E853000EB677 /* Build configuration list for PBXNativeTarget "Code Cracker SolverTests" */ = {
			isa = XCConfigurationList;
			buildConfigurations = (
				E5B419E91CB9E853000EB677 /* Debug */,
				E5B419EA1CB9E853000EB677 /* Release */,
			);
			defaultConfigurationIsVisible = 0;
			defaultConfigurationName = Release;
		};
		E5B419EB1CB9E853000EB677 /* Build configuration list for PBXNativeTarget "Code Cracker SolverUITests" */ = {
			isa = XCConfigurationList;
			buildConfigurations = (
				E5B419EC1CB9E853000EB677 /* Debug */,
				E5B419ED1CB9E853000EB677 /* Release */,
			);
			defaultConfigurationIsVisible = 0;
			defaultConfigurationName = Release;
		};
/* End XCConfigurationList section */
	};
	rootObject = E5B419B51CB9E853000EB677 /* Project object */;
}
